# THIS IS AN AUTOGENERATED FILE. DO NOT EDIT THIS FILE DIRECTLY.
# yarn lockfile v1


"@babel/runtime@^7.0.0", "@babel/runtime@^7.2.0":
  version "7.2.0"
  resolved "https://registry.yarnpkg.com/@babel/runtime/-/runtime-7.2.0.tgz#b03e42eeddf5898e00646e4c840fa07ba8dcad7f"
  integrity sha512-oouEibCbHMVdZSDlJBO6bZmID/zA/G/Qx3H1d3rSNPTD+L8UNKvCat7aKWSJ74zYbm5zWGh0GQN0hKj8zYFTCg==
  dependencies:
    regenerator-runtime "^0.12.0"

"@emotion/hash@^0.7.1":
  version "0.7.1"
  resolved "https://registry.yarnpkg.com/@emotion/hash/-/hash-0.7.1.tgz#9833722341379fb7d67f06a4b00ab3c37913da53"
  integrity sha512-OYpa/Sg+2GDX+jibUfpZVn1YqSVRpYmTLF2eyAfrFTIJSbwyIrc+YscayoykvaOME/wV4BV0Sa0yqdMrgse6mA==

"@material-ui/styles@^3.0.0-alpha.8":
  version "3.0.0-alpha.8"
  resolved "https://registry.yarnpkg.com/@material-ui/styles/-/styles-3.0.0-alpha.8.tgz#14c5680e09b37ebedb26e8a6593aa8afe9fbb15c"
  integrity sha512-66X0fN9AmXexpnk8wWin2L0p4PzRvIP8Cy2pzXANrbfpHyTgDsURiGECRgv+cgtIBoAjqb/x+NxEE92RYFYFWQ==
  dependencies:
    "@babel/runtime" "^7.2.0"
    "@emotion/hash" "^0.7.1"
    "@material-ui/utils" "^3.0.0-alpha.2"
    classnames "^2.2.5"
    deepmerge "^3.0.0"
    hoist-non-react-statics "^3.2.1"
    jss "^10.0.0-alpha.7"
    jss-plugin-camel-case "^10.0.0-alpha.7"
    jss-plugin-default-unit "^10.0.0-alpha.7"
    jss-plugin-global "^10.0.0-alpha.7"
    jss-plugin-nested "^10.0.0-alpha.7"
    jss-plugin-props-sort "^10.0.0-alpha.7"
    jss-plugin-rule-value-function "^10.0.0-alpha.7"
    jss-plugin-vendor-prefixer "^10.0.0-alpha.7"
    prop-types "^15.6.0"
    warning "^4.0.1"

"@material-ui/utils@^3.0.0-alpha.2":
  version "3.0.0-alpha.3"
  resolved "https://registry.yarnpkg.com/@material-ui/utils/-/utils-3.0.0-alpha.3.tgz#836c62ea46f5ffc6f0b5ea05ab814704a86908b1"
  integrity sha512-rwMdMZptX0DivkqBuC+Jdq7BYTXwqKai5G5ejPpuEDKpWzi1Oxp+LygGw329FrKpuKeiqpcymlqJTjmy+quWng==
  dependencies:
    "@babel/runtime" "^7.2.0"
    prop-types "^15.6.0"
    react-is "^16.6.3"

classnames@^2.2.5:
  version "2.2.6"
  resolved "https://registry.yarnpkg.com/classnames/-/classnames-2.2.6.tgz#43935bffdd291f326dad0a205309b38d00f650ce"
  integrity sha512-JR/iSQOSt+LQIWwrwEzJ9uk0xfN3mTVYMwt1Ir5mUcSN6pU+V4zQFFaJsclJbPuAUQH+yfWef6tm7l1quW3C8Q==

css-vendor@^1.1.0:
  version "1.1.0"
  resolved "https://registry.yarnpkg.com/css-vendor/-/css-vendor-1.1.0.tgz#39bc1bb46b633528a9041ad5e107ddd353240388"
  integrity sha512-pePyROdjdMRjHhGN+xZjBomaR9GXueNQ2ZLkEi0i2A/eVx0m4oCLglltdRsaYCSOpun0GRJWuqmWLIYj6Y/RVQ==
  dependencies:
    is-in-browser "^1.0.2"

deepmerge@^3.0.0:
  version "3.1.0"
  resolved "https://registry.yarnpkg.com/deepmerge/-/deepmerge-3.1.0.tgz#a612626ce4803da410d77554bfd80361599c034d"
  integrity sha512-/TnecbwXEdycfbsM2++O3eGiatEFHjjNciHEwJclM+T5Kd94qD1AP+2elP/Mq0L5b9VZJao5znR01Mz6eX8Seg==

hoist-non-react-statics@^3.2.1:
  version "3.2.1"
  resolved "https://registry.yarnpkg.com/hoist-non-react-statics/-/hoist-non-react-statics-3.2.1.tgz#c09c0555c84b38a7ede6912b61efddafd6e75e1e"
  integrity sha512-TFsu3TV3YLY+zFTZDrN8L2DTFanObwmBLpWvJs1qfUuEQ5bTAdFcwfx2T/bsCXfM9QHSLvjfP+nihEl0yvozxw==
  dependencies:
    react-is "^16.3.2"

hyphenate-style-name@^1.0.2:
  version "1.0.2"
  resolved "https://registry.yarnpkg.com/hyphenate-style-name/-/hyphenate-style-name-1.0.2.tgz#31160a36930adaf1fc04c6074f7eb41465d4ec4b"
  integrity sha1-MRYKNpMK2vH8BMYHT360FGXU7Es=

is-in-browser@^1.0.2, is-in-browser@^1.1.3:
  version "1.1.3"
  resolved "https://registry.yarnpkg.com/is-in-browser/-/is-in-browser-1.1.3.tgz#56ff4db683a078c6082eb95dad7dc62e1d04f835"
  integrity sha1-Vv9NtoOgeMYILrldrX3GLh0E+DU=

"js-tokens@^3.0.0 || ^4.0.0":
  version "4.0.0"
  resolved "https://registry.yarnpkg.com/js-tokens/-/js-tokens-4.0.0.tgz#19203fb59991df98e3a287050d4647cdeaf32499"
  integrity sha512-RdJUflcE3cUzKiMqQgsCu06FPu9UdIJO0beYbPhHN4k6apgJtifcoCtT9bcxOpYBtpD2kCM6Sbzg4CausW/PKQ==

jss-plugin-camel-case@^10.0.0-alpha.7:
  version "10.0.0-alpha.7"
  resolved "https://registry.yarnpkg.com/jss-plugin-camel-case/-/jss-plugin-camel-case-10.0.0-alpha.7.tgz#7dcbd9acb6682f3102cb2d3356b4fd9642d93f17"
  integrity sha512-Bwrav1ZB0XywdJW6TaEuFhKe1ZpZvUlESh3jsFOvebA9aFTYNCkmHMEqjA5+u9VMxksl3u77nnZHtukpxkzrBA==
  dependencies:
    "@babel/runtime" "^7.0.0"
    hyphenate-style-name "^1.0.2"

jss-plugin-default-unit@^10.0.0-alpha.7:
  version "10.0.0-alpha.7"
  resolved "https://registry.yarnpkg.com/jss-plugin-default-unit/-/jss-plugin-default-unit-10.0.0-alpha.7.tgz#f6dd0a03d545e7bf243c062bae3a832ac8c5ff6d"
  integrity sha512-auuJUbQaWMxoHOVFPrfZNZpZm9ab8PZeDyvey8nMt2lbokkmZ53UyAnM/1kNsg5BdAXTItcLDxDB3I4gwNU84g==
  dependencies:
    "@babel/runtime" "^7.0.0"

jss-plugin-global@^10.0.0-alpha.7:
  version "10.0.0-alpha.7"
  resolved "https://registry.yarnpkg.com/jss-plugin-global/-/jss-plugin-global-10.0.0-alpha.7.tgz#38ca390802b62da490afbaafc581552a81977729"
  integrity sha512-OWeoW4szLDgRUKviST+xfilqa8O5uXJCW+O3YonheCRTRJg6rRzlE/b5pfYPoU9UtwvY9n7JvwBX5r3c1lMsEQ==
  dependencies:
    "@babel/runtime" "^7.0.0"

jss-plugin-nested@^10.0.0-alpha.7:
  version "10.0.0-alpha.7"
  resolved "https://registry.yarnpkg.com/jss-plugin-nested/-/jss-plugin-nested-10.0.0-alpha.7.tgz#03a89c8f7c1d570a3d5f16dae3e61f7f2edb0316"
  integrity sha512-wsRzuIZXAc6WMjc61mREW9cUrDxgSI7dK/fx5c7a06IDUfSn+83NJ30J/RB4oBnbQW9SijV/muujz7IJqpn9Gw==
  dependencies:
    "@babel/runtime" "^7.0.0"
    tiny-warning "^1.0.2"

jss-plugin-props-sort@^10.0.0-alpha.7:
  version "10.0.0-alpha.7"
  resolved "https://registry.yarnpkg.com/jss-plugin-props-sort/-/jss-plugin-props-sort-10.0.0-alpha.7.tgz#46f1809fcae0acc048d0047aa54a4b9b6973597d"
  integrity sha512-KXOCaHUk1+KXqE0z3q66/w1fDoy+VsZvI77gLxOqTsTrvIKFLX0jarwXogW3CDlaPQQFTZ6JykJJXtPRTBlstA==
  dependencies:
    "@babel/runtime" "^7.0.0"

jss-plugin-rule-value-function@^10.0.0-alpha.7:
  version "10.0.0-alpha.7"
  resolved "https://registry.yarnpkg.com/jss-plugin-rule-value-function/-/jss-plugin-rule-value-function-10.0.0-alpha.7.tgz#63df1078ac361dda67996e25291d90f7226ae59a"
  integrity sha512-ett83hvIM69/LknmrWndrrdiDlfLfP+rneU5qP7gTOWJ7g1P9GuEL1Tc4CWdZUWBX+T58tgIBP0V1pzWCkP0QA==
  dependencies:
    "@babel/runtime" "^7.0.0"

jss-plugin-vendor-prefixer@^10.0.0-alpha.7:
  version "10.0.0-alpha.7"
  resolved "https://registry.yarnpkg.com/jss-plugin-vendor-prefixer/-/jss-plugin-vendor-prefixer-10.0.0-alpha.7.tgz#caa34eb0bc39f0c98f425e174fc220d1f1a8760a"
  integrity sha512-YbIVgqq+dLimOBOEYggho1Iuc0roz4PJSZYyaok9n8JnXVIqPnxYJbr8+bMbvzJ5CL3eeJij/e7L2IPCceRKrA==
  dependencies:
    "@babel/runtime" "^7.0.0"
    css-vendor "^1.1.0"

jss@^10.0.0-alpha.7:
  version "10.0.0-alpha.8"
  resolved "https://registry.yarnpkg.com/jss/-/jss-10.0.0-alpha.8.tgz#7bf6232046e131c8bb6edafd01d13beab06db0da"
  integrity sha512-7cNQXMbJ5KQOgTJSaDPfLInBIaU5AD+FYg00PCl9i170NXj3M/CsoIWUMnTGbsWjcIQ7DmlqzrSFdsxSwzHjuA==
  dependencies:
    "@babel/runtime" "^7.0.0"
    is-in-browser "^1.1.3"
    symbol-observable "^1.2.0"
    tiny-warning "^1.0.2"

loose-envify@^1.0.0, loose-envify@^1.1.0, loose-envify@^1.3.1:
  version "1.4.0"
  resolved "https://registry.yarnpkg.com/loose-envify/-/loose-envify-1.4.0.tgz#71ee51fa7be4caec1a63839f7e682d8132d30caf"
  integrity sha512-lyuxPGr/Wfhrlem2CL/UcnUc1zcqKAImBDzukY7Y5F/yQiNdko6+fRLevlw1HgMySw7f611UIY408EtxRSoK3Q==
  dependencies:
    js-tokens "^3.0.0 || ^4.0.0"

moment@^2.23.0:
  version "2.23.0"
  resolved "https://registry.yarnpkg.com/moment/-/moment-2.23.0.tgz#759ea491ac97d54bac5ad776996e2a58cc1bc225"
  integrity sha512-3IE39bHVqFbWWaPOMHZF98Q9c3LDKGTmypMiTM2QygGXXElkFWIH7GxfmlwmY2vwa+wmNsoYZmG2iusf1ZjJoA==

object-assign@^4.1.1:
  version "4.1.1"
  resolved "https://registry.yarnpkg.com/object-assign/-/object-assign-4.1.1.tgz#2109adc7965887cfc05cbbd442cac8bfbb360863"
  integrity sha1-IQmtx5ZYh8/AXLvUQsrIv7s2CGM=

prop-types@^15.6.0, prop-types@^15.6.2:
  version "15.6.2"
  resolved "https://registry.yarnpkg.com/prop-types/-/prop-types-15.6.2.tgz#05d5ca77b4453e985d60fc7ff8c859094a497102"
  integrity sha512-3pboPvLiWD7dkI3qf3KbUe6hKFKa52w+AE0VCqECtf+QHAKgOL37tTaNCnuX1nAAQ4ZhyP+kYVKf8rLmJ/feDQ==
  dependencies:
    loose-envify "^1.3.1"
    object-assign "^4.1.1"

react-dom@16.7.0-alpha.2:
  version "16.7.0-alpha.2"
  resolved "https://registry.yarnpkg.com/react-dom/-/react-dom-16.7.0-alpha.2.tgz#16632880ed43676315991d8b412cce6975a30282"
  integrity sha512-o0mMw8jBlwHjGZEy/vvKd/6giAX0+skREMOTs3/QHmgi+yAhUClp4My4Z9lsKy3SXV+03uPdm1l/QM7NTcGuMw==
  dependencies:
    loose-envify "^1.1.0"
    object-assign "^4.1.1"
    prop-types "^15.6.2"
    scheduler "^0.12.0-alpha.2"

react-is@^16.3.2, react-is@^16.6.3:
  version "16.7.0"
  resolved "https://registry.yarnpkg.com/react-is/-/react-is-16.7.0.tgz#c1bd21c64f1f1364c6f70695ec02d69392f41bfa"
  integrity sha512-Z0VRQdF4NPDoI0tsXVMLkJLiwEBa+RP66g0xDHxgxysxSoCUccSten4RTF/UFvZF1dZvZ9Zu1sx+MDXwcOR34g==

react@16.7.0-alpha.2:
  version "16.7.0-alpha.2"
  resolved "https://registry.yarnpkg.com/react/-/react-16.7.0-alpha.2.tgz#924f2ae843a46ea82d104a8def7a599fbf2c78ce"
  integrity sha512-Xh1CC8KkqIojhC+LFXd21jxlVtzoVYdGnQAi/I2+dxbmos9ghbx5TQf9/nDxc4WxaFfUQJkya0w1k6rMeyIaxQ==
  dependencies:
    loose-envify "^1.1.0"
    object-assign "^4.1.1"
    prop-types "^15.6.2"
    scheduler "^0.12.0-alpha.2"

regenerator-runtime@^0.12.0:
  version "0.12.1"
  resolved "https://registry.yarnpkg.com/regenerator-runtime/-/regenerator-runtime-0.12.1.tgz#fa1a71544764c036f8c49b13a08b2594c9f8a0de"
  integrity sha512-odxIc1/vDlo4iZcfXqRYFj0vpXFNoGdKMAUieAlFYO6m/nl5e9KR/beGf41z4a1FI+aQgtjhuaSlDxQ0hmkrHg==

scheduler@^0.12.0-alpha.2:
  version "0.12.0"
  resolved "https://registry.yarnpkg.com/scheduler/-/scheduler-0.12.0.tgz#8ab17699939c0aedc5a196a657743c496538647b"
  integrity sha512-t7MBR28Akcp4Jm+QoR63XgAi9YgCUmgvDHqf5otgAj4QvdoBE4ImCX0ffehefePPG+aitiYHp0g/mW6s4Tp+dw==
  dependencies:
    loose-envify "^1.1.0"
    object-assign "^4.1.1"

symbol-observable@^1.2.0:
  version "1.2.0"
  resolved "https://registry.yarnpkg.com/symbol-observable/-/symbol-observable-1.2.0.tgz#c22688aed4eab3cdc2dfeacbb561660560a00804"
  integrity sha512-e900nM8RRtGhlV36KGEU9k65K3mPb1WV70OdjfxlG2EAuM1noi/E/BaW/uMhL7bPEssK8QV57vN3esixjUvcXQ==

tiny-warning@^1.0.2:
  version "1.0.2"
  resolved "https://registry.yarnpkg.com/tiny-warning/-/tiny-warning-1.0.2.tgz#1dfae771ee1a04396bdfde27a3adcebc6b648b28"
  integrity sha512-rru86D9CpQRLvsFG5XFdy0KdLAvjdQDyZCsRcuu60WtzFylDM3eAWSxEVz5kzL2Gp544XiUvPbVKtOA/txLi9Q==

warning@^4.0.1:
  version "4.0.2"
  resolved "https://registry.yarnpkg.com/warning/-/warning-4.0.2.tgz#aa6876480872116fa3e11d434b0d0d8d91e44607"
  integrity sha512-wbTp09q/9C+jJn4KKJfJfoS6VleK/Dti0yqWSm6KMvJ4MRCXFQNapHuJXutJIrWV0Cf4AhTdeIe4qdKHR1+Hug==
  dependencies:
    loose-envify "^1.0.0"
